Microsoft Visual Studio Solution File, Format Version 11.00
# Visual Studio 2008

Project("{572B2541-C97A-EC9D-07CA-45DAD125559B}") = "Sheep", "Assembly-CSharp-firstpass.csproj", "{4BC66E5E-481E-2756-E07D-8E44E17F81A2}"
EndProject
Project("{572B2541-C97A-EC9D-07CA-45DAD125559B}") = "Sheep", "Assembly-CSharp.csproj", "{294BD625-35DA-AA20-906E-E9813E2C3A5A}"
EndProject
Project("{572B2541-C97A-EC9D-07CA-45DAD125559B}") = "Sheep", "Assembly-UnityScript-firstpass.unityproj", "{D98D2880-59E0-3C28-534C-CBD4EDB95B1C}"
EndProject
Project("{572B2541-C97A-EC9D-07CA-45DAD125559B}") = "Sheep", "Assembly-UnityScript.unityproj", "{E1316ADA-916F-AF01-5267-1B1661D6BE01}"
EndProject
Global
	GlobalSection(SolutionConfigurationPlatforms) = preSolution
		Debug|Any CPU = Debug|Any CPU
		Release|Any CPU = Release|Any CPU
	EndGlobalSection
	GlobalSection(ProjectConfigurationPlatforms) = postSolution
		{4BC66E5E-481E-2756-E07D-8E44E17F81A2}.Debug|Any CPU.ActiveCfg = Debug|Any CPU
		{4BC66E5E-481E-2756-E07D-8E44E17F81A2}.Debug|Any CPU.Build.0 = Debug|Any CPU
		{4BC66E5E-481E-2756-E07D-8E44E17F81A2}.Release|Any CPU.ActiveCfg = Release|Any CPU
		{4BC66E5E-481E-2756-E07D-8E44E17F81A2}.Release|Any CPU.Build.0 = Release|Any CPU
		{294BD625-35DA-AA20-906E-E9813E2C3A5A}.Debug|Any CPU.ActiveCfg = Debug|Any CPU
		{294BD625-35DA-AA20-906E-E9813E2C3A5A}.Debug|Any CPU.Build.0 = Debug|Any CPU
		{294BD625-35DA-AA20-906E-E9813E2C3A5A}.Release|Any CPU.ActiveCfg = Release|Any CPU
		{294BD625-35DA-AA20-906E-E9813E2C3A5A}.Release|Any CPU.Build.0 = Release|Any CPU
		{D98D2880-59E0-3C28-534C-CBD4EDB95B1C}.Debug|Any CPU.ActiveCfg = Debug|Any CPU
		{D98D2880-59E0-3C28-534C-CBD4EDB95B1C}.Debug|Any CPU.Build.0 = Debug|Any CPU
		{D98D2880-59E0-3C28-534C-CBD4EDB95B1C}.Release|Any CPU.ActiveCfg = Release|Any CPU
		{D98D2880-59E0-3C28-534C-CBD4EDB95B1C}.Release|Any CPU.Build.0 = Release|Any CPU
		{E1316ADA-916F-AF01-5267-1B1661D6BE01}.Debug|Any CPU.ActiveCfg = Debug|Any CPU
		{E1316ADA-916F-AF01-5267-1B1661D6BE01}.Debug|Any CPU.Build.0 = Debug|Any CPU
		{E1316ADA-916F-AF01-5267-1B1661D6BE01}.Release|Any CPU.ActiveCfg = Release|Any CPU
		{E1316ADA-916F-AF01-5267-1B1661D6BE01}.Release|Any CPU.Build.0 = Release|Any CPU
	EndGlobalSection
	GlobalSection(SolutionProperties) = preSolution
		HideSolutionNode = FALSE
	EndGlobalSection
																							GlobalSection(MonoDevelopProperties) = preSolution
		StartupItem = Assembly-CSharp.csproj
		Policies = $0
		$0.TextStylePolicy = $1
		$1.inheritsSet = null
		$1.scope = text/x-csharp
		$0.CSharpFormattingPolicy = $2
		$2.inheritsSet = Mono
		$2.inheritsScope = text/x-csharp
		$2.scope = text/x-csharp
		$0.TextStylePolicy = $3
		$3.FileWidth = 120
		$3.TabWidth = 4
		$3.EolMarker = Unix
		$3.inheritsSet = Mono
		$3.inheritsScope = text/plain
		$3.scope = text/plain
	EndGlobalSection

EndGlobal
